{
  "version": 4,
  "terraform_version": "1.5.3",
  "serial": 32,
  "lineage": "a810fb94-c568-983f-9740-043784b83468",
  "outputs": {},
  "resources": [
    {
      "mode": "managed",
      "type": "azurerm_app_service_plan",
      "name": "function_app_plan",
      "provider": "provider[\"registry.terraform.io/hashicorp/azurerm\"]",
      "instances": [
        {
          "schema_version": 0,
          "attributes": {
            "app_service_environment_id": "",
            "id": "/subscriptions/a71d4f50-ed78-4d3f-bc57-b8c416bdd4fe/resourceGroups/app-alpha-node/providers/Microsoft.Web/serverfarms/function-app-plan-node",
            "is_xenon": false,
            "kind": "Windows",
            "location": "eastus",
            "maximum_elastic_worker_count": 1,
            "maximum_number_of_workers": 10,
            "name": "function-app-plan-node",
            "per_site_scaling": false,
            "reserved": true,
            "resource_group_name": "app-alpha-node",
            "sku": [
              {
                "capacity": 1,
                "size": "S1",
                "tier": "Standard"
              }
            ],
            "tags": {},
            "timeouts": null,
            "zone_redundant": false
          },
          "sensitive_attributes": [],
          "private": "eyJlMmJmYjczMC1lY2FhLTExZTYtOGY4OC0zNDM2M2JjN2M0YzAiOnsiY3JlYXRlIjozNjAwMDAwMDAwMDAwLCJkZWxldGUiOjM2MDAwMDAwMDAwMDAsInJlYWQiOjMwMDAwMDAwMDAwMCwidXBkYXRlIjozNjAwMDAwMDAwMDAwfX0=",
          "dependencies": [
            "azurerm_resource_group.app_alpha_node"
          ]
        }
      ]
    },
    {
      "mode": "managed",
      "type": "azurerm_resource_group",
      "name": "app_alpha_node",
      "provider": "provider[\"registry.terraform.io/hashicorp/azurerm\"]",
      "instances": [
        {
          "schema_version": 0,
          "attributes": {
            "id": "/subscriptions/a71d4f50-ed78-4d3f-bc57-b8c416bdd4fe/resourceGroups/app-alpha-node",
            "location": "eastus",
            "name": "app-alpha-node",
            "tags": {},
            "timeouts": null
          },
          "sensitive_attributes": [],
          "private": "eyJlMmJmYjczMC1lY2FhLTExZTYtOGY4OC0zNDM2M2JjN2M0YzAiOnsiY3JlYXRlIjo1NDAwMDAwMDAwMDAwLCJkZWxldGUiOjU0MDAwMDAwMDAwMDAsInJlYWQiOjMwMDAwMDAwMDAwMCwidXBkYXRlIjo1NDAwMDAwMDAwMDAwfX0="
        }
      ]
    },
    {
      "mode": "managed",
      "type": "azurerm_storage_account",
      "name": "functionstore_0898891",
      "provider": "provider[\"registry.terraform.io/hashicorp/azurerm\"]",
      "instances": [
        {
          "schema_version": 2,
          "attributes": {
            "access_tier": "Hot",
            "account_kind": "StorageV2",
            "account_replication_type": "LRS",
            "account_tier": "Standard",
            "allow_blob_public_access": false,
            "azure_files_authentication": [],
            "blob_properties": [
              {
                "change_feed_enabled": false,
                "container_delete_retention_policy": [],
                "cors_rule": [],
                "default_service_version": "",
                "delete_retention_policy": [],
                "last_access_time_enabled": false,
                "versioning_enabled": false
              }
            ],
            "custom_domain": [],
            "enable_https_traffic_only": true,
            "id": "/subscriptions/a71d4f50-ed78-4d3f-bc57-b8c416bdd4fe/resourceGroups/app-alpha-node/providers/Microsoft.Storage/storageAccounts/functionstore0898891",
            "identity": [],
            "infrastructure_encryption_enabled": false,
            "is_hns_enabled": false,
            "large_file_share_enabled": null,
            "location": "eastus",
            "min_tls_version": "TLS1_0",
            "name": "functionstore0898891",
            "network_rules": [
              {
                "bypass": [
                  "AzureServices"
                ],
                "default_action": "Allow",
                "ip_rules": [],
                "private_link_access": [],
                "virtual_network_subnet_ids": []
              }
            ],
            "nfsv3_enabled": false,
            "primary_access_key": "+tjChO+ZyH7Z0eCxvufF4Io+HofmYP5kfi7AaW9lhi3KpTl7hd16HC7xpmwIeBcAIAzlXedvvcJ++AStTfz8YA==",
            "primary_blob_connection_string": "DefaultEndpointsProtocol=https;BlobEndpoint=https://functionstore0898891.blob.core.windows.net/;AccountName=functionstore0898891;AccountKey=+tjChO+ZyH7Z0eCxvufF4Io+HofmYP5kfi7AaW9lhi3KpTl7hd16HC7xpmwIeBcAIAzlXedvvcJ++AStTfz8YA==",
            "primary_blob_endpoint": "https://functionstore0898891.blob.core.windows.net/",
            "primary_blob_host": "functionstore0898891.blob.core.windows.net",
            "primary_connection_string": "DefaultEndpointsProtocol=https;AccountName=functionstore0898891;AccountKey=+tjChO+ZyH7Z0eCxvufF4Io+HofmYP5kfi7AaW9lhi3KpTl7hd16HC7xpmwIeBcAIAzlXedvvcJ++AStTfz8YA==;EndpointSuffix=core.windows.net",
            "primary_dfs_endpoint": "https://functionstore0898891.dfs.core.windows.net/",
            "primary_dfs_host": "functionstore0898891.dfs.core.windows.net",
            "primary_file_endpoint": "https://functionstore0898891.file.core.windows.net/",
            "primary_file_host": "functionstore0898891.file.core.windows.net",
            "primary_location": "eastus",
            "primary_queue_endpoint": "https://functionstore0898891.queue.core.windows.net/",
            "primary_queue_host": "functionstore0898891.queue.core.windows.net",
            "primary_table_endpoint": "https://functionstore0898891.table.core.windows.net/",
            "primary_table_host": "functionstore0898891.table.core.windows.net",
            "primary_web_endpoint": "https://functionstore0898891.z13.web.core.windows.net/",
            "primary_web_host": "functionstore0898891.z13.web.core.windows.net",
            "queue_encryption_key_type": "Service",
            "queue_properties": [
              {
                "cors_rule": [],
                "hour_metrics": [
                  {
                    "enabled": true,
                    "include_apis": true,
                    "retention_policy_days": 7,
                    "version": "1.0"
                  }
                ],
                "logging": [
                  {
                    "delete": false,
                    "read": false,
                    "retention_policy_days": 0,
                    "version": "1.0",
                    "write": false
                  }
                ],
                "minute_metrics": [
                  {
                    "enabled": false,
                    "include_apis": false,
                    "retention_policy_days": 0,
                    "version": "1.0"
                  }
                ]
              }
            ],
            "resource_group_name": "app-alpha-node",
            "routing": [],
            "secondary_access_key": "2PTSM0SiMBRy+Iy51X3BtBRtfshCTB3Zrj5fARczw5Mg2jyBU6LHUAAeNcOZb5hpSdJnJa5XnqVb+AStVhbu+A==",
            "secondary_blob_connection_string": "",
            "secondary_blob_endpoint": null,
            "secondary_blob_host": null,
            "secondary_connection_string": "DefaultEndpointsProtocol=https;AccountName=functionstore0898891;AccountKey=2PTSM0SiMBRy+Iy51X3BtBRtfshCTB3Zrj5fARczw5Mg2jyBU6LHUAAeNcOZb5hpSdJnJa5XnqVb+AStVhbu+A==;EndpointSuffix=core.windows.net",
            "secondary_dfs_endpoint": null,
            "secondary_dfs_host": null,
            "secondary_file_endpoint": null,
            "secondary_file_host": null,
            "secondary_location": "",
            "secondary_queue_endpoint": null,
            "secondary_queue_host": null,
            "secondary_table_endpoint": null,
            "secondary_table_host": null,
            "secondary_web_endpoint": null,
            "secondary_web_host": null,
            "share_properties": [
              {
                "cors_rule": [],
                "retention_policy": [
                  {
                    "days": 7
                  }
                ],
                "smb": []
              }
            ],
            "shared_access_key_enabled": true,
            "static_website": [],
            "table_encryption_key_type": "Service",
            "tags": {},
            "timeouts": null
          },
          "sensitive_attributes": [],
          "private": "eyJlMmJmYjczMC1lY2FhLTExZTYtOGY4OC0zNDM2M2JjN2M0YzAiOnsiY3JlYXRlIjozNjAwMDAwMDAwMDAwLCJkZWxldGUiOjM2MDAwMDAwMDAwMDAsInJlYWQiOjMwMDAwMDAwMDAwMCwidXBkYXRlIjozNjAwMDAwMDAwMDAwfSwic2NoZW1hX3ZlcnNpb24iOiIyIn0=",
          "dependencies": [
            "azurerm_resource_group.app_alpha_node"
          ]
        }
      ]
    }
  ],
  "check_results": null
}
